
Microsoft Visual Studio Solution File, Format Version 12.00
# Visual Studio 2013
VisualStudioVersion = 12.0.0.0
MinimumVisualStudioVersion = 10.0.0.1
Project("{FAE04EC0-301F-11D3-BF4B-00C04F79EFBC}") = "CrossCutting.Web", "CrossCutting.Web\CrossCutting.Web.csproj", "{5B39A3D3-D5CA-43F1-868F-5E6295F79862}"
EndProject
Project("{FAE04EC0-301F-11D3-BF4B-00C04F79EFBC}") = "CrossCutting.Common", "CrossCutting.Common\CrossCutting.Common.csproj", "{B4339B2D-A41A-4D81-B0B4-420F3C02A250}"
EndProject
Global
	GlobalSection(SolutionConfigurationPlatforms) = preSolution
		Debug|Any CPU = Debug|Any CPU
		Release|Any CPU = Release|Any CPU
	EndGlobalSection
	GlobalSection(ProjectConfigurationPlatforms) = postSolution
		{5B39A3D3-D5CA-43F1-868F-5E6295F79862}.Debug|Any CPU.ActiveCfg = Debug|Any CPU
		{5B39A3D3-D5CA-43F1-868F-5E6295F79862}.Debug|Any CPU.Build.0 = Debug|Any CPU
		{5B39A3D3-D5CA-43F1-868F-5E6295F79862}.Release|Any CPU.ActiveCfg = Release|Any CPU
		{5B39A3D3-D5CA-43F1-868F-5E6295F79862}.Release|Any CPU.Build.0 = Release|Any CPU
		{B4339B2D-A41A-4D81-B0B4-420F3C02A250}.Debug|Any CPU.ActiveCfg = Debug|Any CPU
		{B4339B2D-A41A-4D81-B0B4-420F3C02A250}.Debug|Any CPU.Build.0 = Debug|Any CPU
		{B4339B2D-A41A-4D81-B0B4-420F3C02A250}.Release|Any CPU.ActiveCfg = Release|Any CPU
		{B4339B2D-A41A-4D81-B0B4-420F3C02A250}.Release|Any CPU.Build.0 = Release|Any CPU
	EndGlobalSection
	GlobalSection(SolutionProperties) = preSolution
		HideSolutionNode = FALSE
	EndGlobalSection
EndGlobal
